
Microsoft Visual Studio Solution File, Format Version 12.00
# Visual Studio 15
VisualStudioVersion = 15.0.28010.2026
MinimumVisualStudioVersion = 10.0.40219.1
Project("{FAE04EC0-301F-11D3-BF4B-00C04F79EFBC}") = "MemoryNavigation", "MemoryNavigation\MemoryNavigation.csproj", "{8D7A6B09-CBE6-41AE-8D5D-DF1518E23F00}"
EndProject
Global
	GlobalSection(SolutionConfigurationPlatforms) = preSolution
		Debug|Any CPU = Debug|Any CPU
		Release|Any CPU = Release|Any CPU
	EndGlobalSection
	GlobalSection(ProjectConfigurationPlatforms) = postSolution
		{8D7A6B09-CBE6-41AE-8D5D-DF1518E23F00}.Debug|Any CPU.ActiveCfg = Debug|Any CPU
		{8D7A6B09-CBE6-41AE-8D5D-DF1518E23F00}.Debug|Any CPU.Build.0 = Debug|Any CPU
		{8D7A6B09-CBE6-41AE-8D5D-DF1518E23F00}.Release|Any CPU.ActiveCfg = Release|Any CPU
		{8D7A6B09-CBE6-41AE-8D5D-DF1518E23F00}.Release|Any CPU.Build.0 = Release|Any CPU
	EndGlobalSection
	GlobalSection(SolutionProperties) = preSolution
		HideSolutionNode = FALSE
	EndGlobalSection
	GlobalSection(ExtensibilityGlobals) = postSolution
		SolutionGuid = {41199DC5-A6A8-41FB-A726-167EDC73F6B3}
	EndGlobalSection
EndGlobal
