
Microsoft Visual Studio Solution File, Format Version 12.00
# Visual Studio 15
VisualStudioVersion = 15.0.28010.2026
MinimumVisualStudioVersion = 10.0.40219.1
Project("{FAE04EC0-301F-11D3-BF4B-00C04F79EFBC}") = "MemoryProject", "MemoryProject\MemoryProject.csproj", "{81A7A4D7-57FC-43C5-9EAE-0130E4B3CB51}"
EndProject
Global
	GlobalSection(SolutionConfigurationPlatforms) = preSolution
		Debug|Any CPU = Debug|Any CPU
		Release|Any CPU = Release|Any CPU
	EndGlobalSection
	GlobalSection(ProjectConfigurationPlatforms) = postSolution
		{81A7A4D7-57FC-43C5-9EAE-0130E4B3CB51}.Debug|Any CPU.ActiveCfg = Debug|Any CPU
		{81A7A4D7-57FC-43C5-9EAE-0130E4B3CB51}.Debug|Any CPU.Build.0 = Debug|Any CPU
		{81A7A4D7-57FC-43C5-9EAE-0130E4B3CB51}.Release|Any CPU.ActiveCfg = Release|Any CPU
		{81A7A4D7-57FC-43C5-9EAE-0130E4B3CB51}.Release|Any CPU.Build.0 = Release|Any CPU
	EndGlobalSection
	GlobalSection(SolutionProperties) = preSolution
		HideSolutionNode = FALSE
	EndGlobalSection
	GlobalSection(ExtensibilityGlobals) = postSolution
		SolutionGuid = {81BEC8DB-B301-4A0B-AC62-E34B92864D89}
	EndGlobalSection
EndGlobal
