
Microsoft Visual Studio Solution File, Format Version 12.00
# Visual Studio Version 16
VisualStudioVersion = 16.0.29009.5
MinimumVisualStudioVersion = 10.0.40219.1
Project("{FAE04EC0-301F-11D3-BF4B-00C04F79EFBC}") = "Week5.Android", "Week5.Android\Week5.Android.csproj", "{45B29FF1-9B8F-43DA-BA91-A7773DE9D1BB}"
EndProject
Project("{FAE04EC0-301F-11D3-BF4B-00C04F79EFBC}") = "Week5.iOS", "Week5.iOS\Week5.iOS.csproj", "{D2500BAE-F7F3-451F-9FEF-8C887281D1A4}"
EndProject
Project("{FAE04EC0-301F-11D3-BF4B-00C04F79EFBC}") = "Week5", "Week5\Week5.csproj", "{ACDA3F2C-5628-4040-BD47-83DA245F60B8}"
EndProject
Global
	GlobalSection(SolutionConfigurationPlatforms) = preSolution
		Debug|Any CPU = Debug|Any CPU
		Debug|iPhone = Debug|iPhone
		Debug|iPhoneSimulator = Debug|iPhoneSimulator
		Release|Any CPU = Release|Any CPU
		Release|iPhone = Release|iPhone
		Release|iPhoneSimulator = Release|iPhoneSimulator
	EndGlobalSection
	GlobalSection(ProjectConfigurationPlatforms) = postSolution
		{45B29FF1-9B8F-43DA-BA91-A7773DE9D1BB}.Debug|Any CPU.ActiveCfg = Debug|Any CPU
		{45B29FF1-9B8F-43DA-BA91-A7773DE9D1BB}.Debug|Any CPU.Build.0 = Debug|Any CPU
		{45B29FF1-9B8F-43DA-BA91-A7773DE9D1BB}.Debug|Any CPU.Deploy.0 = Debug|Any CPU
		{45B29FF1-9B8F-43DA-BA91-A7773DE9D1BB}.Debug|iPhone.ActiveCfg = Debug|Any CPU
		{45B29FF1-9B8F-43DA-BA91-A7773DE9D1BB}.Debug|iPhone.Build.0 = Debug|Any CPU
		{45B29FF1-9B8F-43DA-BA91-A7773DE9D1BB}.Debug|iPhone.Deploy.0 = Debug|Any CPU
		{45B29FF1-9B8F-43DA-BA91-A7773DE9D1BB}.Debug|iPhoneSimulator.ActiveCfg = Debug|Any CPU
		{45B29FF1-9B8F-43DA-BA91-A7773DE9D1BB}.Debug|iPhoneSimulator.Build.0 = Debug|Any CPU
		{45B29FF1-9B8F-43DA-BA91-A7773DE9D1BB}.Debug|iPhoneSimulator.Deploy.0 = Debug|Any CPU
		{45B29FF1-9B8F-43DA-BA91-A7773DE9D1BB}.Release|Any CPU.ActiveCfg = Release|Any CPU
		{45B29FF1-9B8F-43DA-BA91-A7773DE9D1BB}.Release|Any CPU.Build.0 = Release|Any CPU
		{45B29FF1-9B8F-43DA-BA91-A7773DE9D1BB}.Release|Any CPU.Deploy.0 = Release|Any CPU
		{45B29FF1-9B8F-43DA-BA91-A7773DE9D1BB}.Release|iPhone.ActiveCfg = Release|Any CPU
		{45B29FF1-9B8F-43DA-BA91-A7773DE9D1BB}.Release|iPhone.Build.0 = Release|Any CPU
		{45B29FF1-9B8F-43DA-BA91-A7773DE9D1BB}.Release|iPhone.Deploy.0 = Release|Any CPU
		{45B29FF1-9B8F-43DA-BA91-A7773DE9D1BB}.Release|iPhoneSimulator.ActiveCfg = Release|Any CPU
		{45B29FF1-9B8F-43DA-BA91-A7773DE9D1BB}.Release|iPhoneSimulator.Build.0 = Release|Any CPU
		{45B29FF1-9B8F-43DA-BA91-A7773DE9D1BB}.Release|iPhoneSimulator.Deploy.0 = Release|Any CPU
		{D2500BAE-F7F3-451F-9FEF-8C887281D1A4}.Debug|Any CPU.ActiveCfg = Debug|iPhoneSimulator
		{D2500BAE-F7F3-451F-9FEF-8C887281D1A4}.Debug|Any CPU.Build.0 = Debug|iPhoneSimulator
		{D2500BAE-F7F3-451F-9FEF-8C887281D1A4}.Debug|Any CPU.Deploy.0 = Debug|iPhoneSimulator
		{D2500BAE-F7F3-451F-9FEF-8C887281D1A4}.Debug|iPhone.ActiveCfg = Debug|iPhone
		{D2500BAE-F7F3-451F-9FEF-8C887281D1A4}.Debug|iPhone.Build.0 = Debug|iPhone
		{D2500BAE-F7F3-451F-9FEF-8C887281D1A4}.Debug|iPhone.Deploy.0 = Debug|iPhone
		{D2500BAE-F7F3-451F-9FEF-8C887281D1A4}.Debug|iPhoneSimulator.ActiveCfg = Debug|iPhoneSimulator
		{D2500BAE-F7F3-451F-9FEF-8C887281D1A4}.Debug|iPhoneSimulator.Build.0 = Debug|iPhoneSimulator
		{D2500BAE-F7F3-451F-9FEF-8C887281D1A4}.Debug|iPhoneSimulator.Deploy.0 = Debug|iPhoneSimulator
		{D2500BAE-F7F3-451F-9FEF-8C887281D1A4}.Release|Any CPU.ActiveCfg = Release|iPhone
		{D2500BAE-F7F3-451F-9FEF-8C887281D1A4}.Release|Any CPU.Build.0 = Release|iPhone
		{D2500BAE-F7F3-451F-9FEF-8C887281D1A4}.Release|Any CPU.Deploy.0 = Release|iPhone
		{D2500BAE-F7F3-451F-9FEF-8C887281D1A4}.Release|iPhone.ActiveCfg = Release|iPhone
		{D2500BAE-F7F3-451F-9FEF-8C887281D1A4}.Release|iPhone.Build.0 = Release|iPhone
		{D2500BAE-F7F3-451F-9FEF-8C887281D1A4}.Release|iPhone.Deploy.0 = Release|iPhone
		{D2500BAE-F7F3-451F-9FEF-8C887281D1A4}.Release|iPhoneSimulator.ActiveCfg = Release|iPhoneSimulator
		{D2500BAE-F7F3-451F-9FEF-8C887281D1A4}.Release|iPhoneSimulator.Build.0 = Release|iPhoneSimulator
		{D2500BAE-F7F3-451F-9FEF-8C887281D1A4}.Release|iPhoneSimulator.Deploy.0 = Release|iPhoneSimulator
		{ACDA3F2C-5628-4040-BD47-83DA245F60B8}.Debug|Any CPU.ActiveCfg = Debug|Any CPU
		{ACDA3F2C-5628-4040-BD47-83DA245F60B8}.Debug|Any CPU.Build.0 = Debug|Any CPU
		{ACDA3F2C-5628-4040-BD47-83DA245F60B8}.Debug|Any CPU.Deploy.0 = Debug|Any CPU
		{ACDA3F2C-5628-4040-BD47-83DA245F60B8}.Debug|iPhone.ActiveCfg = Debug|Any CPU
		{ACDA3F2C-5628-4040-BD47-83DA245F60B8}.Debug|iPhone.Build.0 = Debug|Any CPU
		{ACDA3F2C-5628-4040-BD47-83DA245F60B8}.Debug|iPhone.Deploy.0 = Debug|Any CPU
		{ACDA3F2C-5628-4040-BD47-83DA245F60B8}.Debug|iPhoneSimulator.ActiveCfg = Debug|Any CPU
		{ACDA3F2C-5628-4040-BD47-83DA245F60B8}.Debug|iPhoneSimulator.Build.0 = Debug|Any CPU
		{ACDA3F2C-5628-4040-BD47-83DA245F60B8}.Debug|iPhoneSimulator.Deploy.0 = Debug|Any CPU
		{ACDA3F2C-5628-4040-BD47-83DA245F60B8}.Release|Any CPU.ActiveCfg = Release|Any CPU
		{ACDA3F2C-5628-4040-BD47-83DA245F60B8}.Release|Any CPU.Build.0 = Release|Any CPU
		{ACDA3F2C-5628-4040-BD47-83DA245F60B8}.Release|Any CPU.Deploy.0 = Release|Any CPU
		{ACDA3F2C-5628-4040-BD47-83DA245F60B8}.Release|iPhone.ActiveCfg = Release|Any CPU
		{ACDA3F2C-5628-4040-BD47-83DA245F60B8}.Release|iPhone.Build.0 = Release|Any CPU
		{ACDA3F2C-5628-4040-BD47-83DA245F60B8}.Release|iPhone.Deploy.0 = Release|Any CPU
		{ACDA3F2C-5628-4040-BD47-83DA245F60B8}.Release|iPhoneSimulator.ActiveCfg = Release|Any CPU
		{ACDA3F2C-5628-4040-BD47-83DA245F60B8}.Release|iPhoneSimulator.Build.0 = Release|Any CPU
		{ACDA3F2C-5628-4040-BD47-83DA245F60B8}.Release|iPhoneSimulator.Deploy.0 = Release|Any CPU
	EndGlobalSection
	GlobalSection(SolutionProperties) = preSolution
		HideSolutionNode = FALSE
	EndGlobalSection
	GlobalSection(ExtensibilityGlobals) = postSolution
		SolutionGuid = {EC391ABE-F01E-432D-A1AA-1831BBEE1C4E}
	EndGlobalSection
EndGlobal
