
Microsoft Visual Studio Solution File, Format Version 12.00
# Visual Studio Version 16
VisualStudioVersion = 16.0.29009.5
MinimumVisualStudioVersion = 10.0.40219.1
Project("{FAE04EC0-301F-11D3-BF4B-00C04F79EFBC}") = "Week4.Android", "Week4.Android\Week4.Android.csproj", "{50121130-28B2-49D3-A6BC-F7C03C585465}"
EndProject
Project("{9A19103F-16F7-4668-BE54-9A1E7A4F7556}") = "Week4", "Week4\Week4.csproj", "{CE9B659A-215C-4B56-AF09-7FD31ED46A77}"
EndProject
Global
	GlobalSection(SolutionConfigurationPlatforms) = preSolution
		Debug|Any CPU = Debug|Any CPU
		Debug|iPhone = Debug|iPhone
		Debug|iPhoneSimulator = Debug|iPhoneSimulator
		Release|Any CPU = Release|Any CPU
		Release|iPhone = Release|iPhone
		Release|iPhoneSimulator = Release|iPhoneSimulator
	EndGlobalSection
	GlobalSection(ProjectConfigurationPlatforms) = postSolution
		{50121130-28B2-49D3-A6BC-F7C03C585465}.Debug|Any CPU.ActiveCfg = Debug|Any CPU
		{50121130-28B2-49D3-A6BC-F7C03C585465}.Debug|Any CPU.Build.0 = Debug|Any CPU
		{50121130-28B2-49D3-A6BC-F7C03C585465}.Debug|Any CPU.Deploy.0 = Debug|Any CPU
		{50121130-28B2-49D3-A6BC-F7C03C585465}.Debug|iPhone.ActiveCfg = Debug|Any CPU
		{50121130-28B2-49D3-A6BC-F7C03C585465}.Debug|iPhone.Build.0 = Debug|Any CPU
		{50121130-28B2-49D3-A6BC-F7C03C585465}.Debug|iPhone.Deploy.0 = Debug|Any CPU
		{50121130-28B2-49D3-A6BC-F7C03C585465}.Debug|iPhoneSimulator.ActiveCfg = Debug|Any CPU
		{50121130-28B2-49D3-A6BC-F7C03C585465}.Debug|iPhoneSimulator.Build.0 = Debug|Any CPU
		{50121130-28B2-49D3-A6BC-F7C03C585465}.Debug|iPhoneSimulator.Deploy.0 = Debug|Any CPU
		{50121130-28B2-49D3-A6BC-F7C03C585465}.Release|Any CPU.ActiveCfg = Release|Any CPU
		{50121130-28B2-49D3-A6BC-F7C03C585465}.Release|Any CPU.Build.0 = Release|Any CPU
		{50121130-28B2-49D3-A6BC-F7C03C585465}.Release|Any CPU.Deploy.0 = Release|Any CPU
		{50121130-28B2-49D3-A6BC-F7C03C585465}.Release|iPhone.ActiveCfg = Release|Any CPU
		{50121130-28B2-49D3-A6BC-F7C03C585465}.Release|iPhone.Build.0 = Release|Any CPU
		{50121130-28B2-49D3-A6BC-F7C03C585465}.Release|iPhone.Deploy.0 = Release|Any CPU
		{50121130-28B2-49D3-A6BC-F7C03C585465}.Release|iPhoneSimulator.ActiveCfg = Release|Any CPU
		{50121130-28B2-49D3-A6BC-F7C03C585465}.Release|iPhoneSimulator.Build.0 = Release|Any CPU
		{50121130-28B2-49D3-A6BC-F7C03C585465}.Release|iPhoneSimulator.Deploy.0 = Release|Any CPU
		{CE9B659A-215C-4B56-AF09-7FD31ED46A77}.Debug|Any CPU.ActiveCfg = Debug|Any CPU
		{CE9B659A-215C-4B56-AF09-7FD31ED46A77}.Debug|Any CPU.Build.0 = Debug|Any CPU
		{CE9B659A-215C-4B56-AF09-7FD31ED46A77}.Debug|Any CPU.Deploy.0 = Debug|Any CPU
		{CE9B659A-215C-4B56-AF09-7FD31ED46A77}.Debug|iPhone.ActiveCfg = Debug|Any CPU
		{CE9B659A-215C-4B56-AF09-7FD31ED46A77}.Debug|iPhone.Build.0 = Debug|Any CPU
		{CE9B659A-215C-4B56-AF09-7FD31ED46A77}.Debug|iPhone.Deploy.0 = Debug|Any CPU
		{CE9B659A-215C-4B56-AF09-7FD31ED46A77}.Debug|iPhoneSimulator.ActiveCfg = Debug|Any CPU
		{CE9B659A-215C-4B56-AF09-7FD31ED46A77}.Debug|iPhoneSimulator.Build.0 = Debug|Any CPU
		{CE9B659A-215C-4B56-AF09-7FD31ED46A77}.Debug|iPhoneSimulator.Deploy.0 = Debug|Any CPU
		{CE9B659A-215C-4B56-AF09-7FD31ED46A77}.Release|Any CPU.ActiveCfg = Release|Any CPU
		{CE9B659A-215C-4B56-AF09-7FD31ED46A77}.Release|Any CPU.Build.0 = Release|Any CPU
		{CE9B659A-215C-4B56-AF09-7FD31ED46A77}.Release|Any CPU.Deploy.0 = Release|Any CPU
		{CE9B659A-215C-4B56-AF09-7FD31ED46A77}.Release|iPhone.ActiveCfg = Release|Any CPU
		{CE9B659A-215C-4B56-AF09-7FD31ED46A77}.Release|iPhone.Build.0 = Release|Any CPU
		{CE9B659A-215C-4B56-AF09-7FD31ED46A77}.Release|iPhone.Deploy.0 = Release|Any CPU
		{CE9B659A-215C-4B56-AF09-7FD31ED46A77}.Release|iPhoneSimulator.ActiveCfg = Release|Any CPU
		{CE9B659A-215C-4B56-AF09-7FD31ED46A77}.Release|iPhoneSimulator.Build.0 = Release|Any CPU
		{CE9B659A-215C-4B56-AF09-7FD31ED46A77}.Release|iPhoneSimulator.Deploy.0 = Release|Any CPU
	EndGlobalSection
	GlobalSection(SolutionProperties) = preSolution
		HideSolutionNode = FALSE
	EndGlobalSection
	GlobalSection(ExtensibilityGlobals) = postSolution
		SolutionGuid = {0680F3CA-E645-48AE-8FD9-9949C97DE0E5}
	EndGlobalSection
EndGlobal
