
Microsoft Visual Studio Solution File, Format Version 12.00
# Visual Studio 15
VisualStudioVersion = 15.0.28010.2026
MinimumVisualStudioVersion = 10.0.40219.1
Project("{FAE04EC0-301F-11D3-BF4B-00C04F79EFBC}") = "MemoryGame", "MemoryGame\MemoryGame.csproj", "{2C0C0B9C-60B9-41BF-B022-ADBB19663671}"
EndProject
Global
	GlobalSection(SolutionConfigurationPlatforms) = preSolution
		Debug|Any CPU = Debug|Any CPU
		Release|Any CPU = Release|Any CPU
	EndGlobalSection
	GlobalSection(ProjectConfigurationPlatforms) = postSolution
		{2C0C0B9C-60B9-41BF-B022-ADBB19663671}.Debug|Any CPU.ActiveCfg = Debug|Any CPU
		{2C0C0B9C-60B9-41BF-B022-ADBB19663671}.Debug|Any CPU.Build.0 = Debug|Any CPU
		{2C0C0B9C-60B9-41BF-B022-ADBB19663671}.Release|Any CPU.ActiveCfg = Release|Any CPU
		{2C0C0B9C-60B9-41BF-B022-ADBB19663671}.Release|Any CPU.Build.0 = Release|Any CPU
	EndGlobalSection
	GlobalSection(SolutionProperties) = preSolution
		HideSolutionNode = FALSE
	EndGlobalSection
	GlobalSection(ExtensibilityGlobals) = postSolution
		SolutionGuid = {1CBE3A45-9D96-452A-8EC2-EFFC14905A02}
	EndGlobalSection
EndGlobal
